// !$*UTF8*$!
{
	archiveVersion = 1;
	classes = {
	};
	objectVersion = 50;
	objects = {

/* Begin PBXBuildFile section */
		096A4A014818A06913782930 /* Pods_LeanCloud.framework in Frameworks */ = {isa = PBXBuildFile; fileRef = 9D2C1D56715AFAFC431DD63C /* Pods_LeanCloud.framework */; };
		7B2FD49721D3816E003B8383 /* AppDelegate.swift in Sources */ = {isa = PBXBuildFile; fileRef = 7B2FD49621D3816E003B8383 /* AppDelegate.swift */; };
		7B2FD49C21D3816E003B8383 /* Main.storyboard in Resources */ = {isa = PBXBuildFile; fileRef = 7B2FD49A21D3816E003B8383 /* Main.storyboard */; };
		7B2FD49E21D38170003B8383 /* Assets.xcassets in Resources */ = {isa = PBXBuildFile; fileRef = 7B2FD49D21D38170003B8383 /* Assets.xcassets */; };
		7B2FD4A121D38170003B8383 /* LaunchScreen.storyboard in Resources */ = {isa = PBXBuildFile; fileRef = 7B2FD49F21D38170003B8383 /* LaunchScreen.storyboard */; };
		7B2FD4A921D38185003B8383 /* Podfile in Resources */ = {isa = PBXBuildFile; fileRef = 7B2FD4A821D38185003B8383 /* Podfile */; };
		7B2FD4AE21D38408003B8383 /* SignInVC.swift in Sources */ = {isa = PBXBuildFile; fileRef = 7B2FD4AD21D38408003B8383 /* SignInVC.swift */; };
		7B2FD4B021D3848F003B8383 /* SignUpVC.swift in Sources */ = {isa = PBXBuildFile; fileRef = 7B2FD4AF21D3848F003B8383 /* SignUpVC.swift */; };
		7B2FD4B221D384BF003B8383 /* ResetPasswordVC.swift in Sources */ = {isa = PBXBuildFile; fileRef = 7B2FD4B121D384BF003B8383 /* ResetPasswordVC.swift */; };
		7B2FD4B521D3A420003B8383 /* HomeVC.swift in Sources */ = {isa = PBXBuildFile; fileRef = 7B2FD4B421D3A420003B8383 /* HomeVC.swift */; };
		7B2FD4B721D3A4CC003B8383 /* HeaderView.swift in Sources */ = {isa = PBXBuildFile; fileRef = 7B2FD4B621D3A4CC003B8383 /* HeaderView.swift */; };
		7B2FD4B921D3A8F7003B8383 /* PictureCell.swift in Sources */ = {isa = PBXBuildFile; fileRef = 7B2FD4B821D3A8F7003B8383 /* PictureCell.swift */; };
		7B2FD4BB21D3D0E1003B8383 /* FollowersVC.swift in Sources */ = {isa = PBXBuildFile; fileRef = 7B2FD4BA21D3D0E1003B8383 /* FollowersVC.swift */; };
		7B2FD4BD21D3D116003B8383 /* FollowersCell.swift in Sources */ = {isa = PBXBuildFile; fileRef = 7B2FD4BC21D3D116003B8383 /* FollowersCell.swift */; };
		7B2FD4BF21D3E27A003B8383 /* GuestVC.swift in Sources */ = {isa = PBXBuildFile; fileRef = 7B2FD4BE21D3E27A003B8383 /* GuestVC.swift */; };
/* End PBXBuildFile section */

/* Begin PBXFileReference section */
		220EDAF2BD275B20F1DC1442 /* Pods-LeanCloud.release.xcconfig */ = {isa = PBXFileReference; includeInIndex = 1; lastKnownFileType = text.xcconfig; name = "Pods-LeanCloud.release.xcconfig"; path = "Target Support Files/Pods-LeanCloud/Pods-LeanCloud.release.xcconfig"; sourceTree = "<group>"; };
		7B2FD49321D3816E003B8383 /* LeanCloud.app */ = {isa = PBXFileReference; explicitFileType = wrapper.application; includeInIndex = 0; path = LeanCloud.app; sourceTree = BUILT_PRODUCTS_DIR; };
		7B2FD49621D3816E003B8383 /* AppDelegate.swift */ = {isa = PBXFileReference; lastKnownFileType = sourcecode.swift; path = AppDelegate.swift; sourceTree = "<group>"; };
		7B2FD49B21D3816E003B8383 /* Base */ = {isa = PBXFileReference; lastKnownFileType = file.storyboard; name = Base; path = Base.lproj/Main.storyboard; sourceTree = "<group>"; };
		7B2FD49D21D38170003B8383 /* Assets.xcassets */ = {isa = PBXFileReference; lastKnownFileType = folder.assetcatalog; path = Assets.xcassets; sourceTree = "<group>"; };
		7B2FD4A021D38170003B8383 /* Base */ = {isa = PBXFileReference; lastKnownFileType = file.storyboard; name = Base; path = Base.lproj/LaunchScreen.storyboard; sourceTree = "<group>"; };
		7B2FD4A221D38170003B8383 /* Info.plist */ = {isa = PBXFileReference; lastKnownFileType = text.plist.xml; path = Info.plist; sourceTree = "<group>"; };
		7B2FD4A821D38185003B8383 /* Podfile */ = {isa = PBXFileReference; lastKnownFileType = text; path = Podfile; sourceTree = "<group>"; xcLanguageSpecificationIdentifier = xcode.lang.ruby; };
		7B2FD4AA21D382C6003B8383 /* LeanCloud-Bridging-Header.h */ = {isa = PBXFileReference; lastKnownFileType = sourcecode.c.h; path = "LeanCloud-Bridging-Header.h"; sourceTree = "<group>"; };
		7B2FD4AD21D38408003B8383 /* SignInVC.swift */ = {isa = PBXFileReference; lastKnownFileType = sourcecode.swift; path = SignInVC.swift; sourceTree = "<group>"; };
		7B2FD4AF21D3848F003B8383 /* SignUpVC.swift */ = {isa = PBXFileReference; lastKnownFileType = sourcecode.swift; path = SignUpVC.swift; sourceTree = "<group>"; };
		7B2FD4B121D384BF003B8383 /* ResetPasswordVC.swift */ = {isa = PBXFileReference; lastKnownFileType = sourcecode.swift; path = ResetPasswordVC.swift; sourceTree = "<group>"; };
		7B2FD4B321D39D3E003B8383 /* Pacifico.ttf */ = {isa = PBXFileReference; lastKnownFileType = file; path = Pacifico.ttf; sourceTree = "<group>"; };
		7B2FD4B421D3A420003B8383 /* HomeVC.swift */ = {isa = PBXFileReference; lastKnownFileType = sourcecode.swift; path = HomeVC.swift; sourceTree = "<group>"; };
		7B2FD4B621D3A4CC003B8383 /* HeaderView.swift */ = {isa = PBXFileReference; lastKnownFileType = sourcecode.swift; path = HeaderView.swift; sourceTree = "<group>"; };
		7B2FD4B821D3A8F7003B8383 /* PictureCell.swift */ = {isa = PBXFileReference; lastKnownFileType = sourcecode.swift; path = PictureCell.swift; sourceTree = "<group>"; };
		7B2FD4BA21D3D0E1003B8383 /* FollowersVC.swift */ = {isa = PBXFileReference; lastKnownFileType = sourcecode.swift; path = FollowersVC.swift; sourceTree = "<group>"; };
		7B2FD4BC21D3D116003B8383 /* FollowersCell.swift */ = {isa = PBXFileReference; lastKnownFileType = sourcecode.swift; path = FollowersCell.swift; sourceTree = "<group>"; };
		7B2FD4BE21D3E27A003B8383 /* GuestVC.swift */ = {isa = PBXFileReference; lastKnownFileType = sourcecode.swift; path = GuestVC.swift; sourceTree = "<group>"; };
		9D2C1D56715AFAFC431DD63C /* Pods_LeanCloud.framework */ = {isa = PBXFileReference; explicitFileType = wrapper.framework; includeInIndex = 0; path = Pods_LeanCloud.framework; sourceTree = BUILT_PRODUCTS_DIR; };
		DF7A929856307BBDF8731820 /* Pods-LeanCloud.debug.xcconfig */ = {isa = PBXFileReference; includeInIndex = 1; lastKnownFileType = text.xcconfig; name = "Pods-LeanCloud.debug.xcconfig"; path = "Target Support Files/Pods-LeanCloud/Pods-LeanCloud.debug.xcconfig"; sourceTree = "<group>"; };
/* End PBXFileReference section */

/* Begin PBXFrameworksBuildPhase section */
		7B2FD49021D3816E003B8383 /* Frameworks */ = {
			isa = PBXFrameworksBuildPhase;
			buildActionMask = 2147483647;
			files = (
				096A4A014818A06913782930 /* Pods_LeanCloud.framework in Frameworks */,
			);
			runOnlyForDeploymentPostprocessing = 0;
		};
/* End PBXFrameworksBuildPhase section */

/* Begin PBXGroup section */
		2342847C77BD84D45466919E /* Pods */ = {
			isa = PBXGroup;
			children = (
				DF7A929856307BBDF8731820 /* Pods-LeanCloud.debug.xcconfig */,
				220EDAF2BD275B20F1DC1442 /* Pods-LeanCloud.release.xcconfig */,
			);
			path = Pods;
			sourceTree = "<group>";
		};
		2D091524D90E7E2C2B636690 /* Frameworks */ = {
			isa = PBXGroup;
			children = (
				9D2C1D56715AFAFC431DD63C /* Pods_LeanCloud.framework */,
			);
			name = Frameworks;
			sourceTree = "<group>";
		};
		7B2FD48A21D3816E003B8383 = {
			isa = PBXGroup;
			children = (
				7B2FD4A821D38185003B8383 /* Podfile */,
				7B2FD49521D3816E003B8383 /* LeanCloud */,
				7B2FD49421D3816E003B8383 /* Products */,
				2342847C77BD84D45466919E /* Pods */,
				2D091524D90E7E2C2B636690 /* Frameworks */,
				7B2FD4AA21D382C6003B8383 /* LeanCloud-Bridging-Header.h */,
			);
			sourceTree = "<group>";
		};
		7B2FD49421D3816E003B8383 /* Products */ = {
			isa = PBXGroup;
			children = (
				7B2FD49321D3816E003B8383 /* LeanCloud.app */,
			);
			name = Products;
			sourceTree = "<group>";
		};
		7B2FD49521D3816E003B8383 /* LeanCloud */ = {
			isa = PBXGroup;
			children = (
				7B2FD4B321D39D3E003B8383 /* Pacifico.ttf */,
				7B2FD49D21D38170003B8383 /* Assets.xcassets */,
				7B2FD49F21D38170003B8383 /* LaunchScreen.storyboard */,
				7B2FD49621D3816E003B8383 /* AppDelegate.swift */,
				7B2FD4AD21D38408003B8383 /* SignInVC.swift */,
				7B2FD4AF21D3848F003B8383 /* SignUpVC.swift */,
				7B2FD4B121D384BF003B8383 /* ResetPasswordVC.swift */,
				7B2FD4B421D3A420003B8383 /* HomeVC.swift */,
				7B2FD4B621D3A4CC003B8383 /* HeaderView.swift */,
				7B2FD4B821D3A8F7003B8383 /* PictureCell.swift */,
				7B2FD4BA21D3D0E1003B8383 /* FollowersVC.swift */,
				7B2FD4BC21D3D116003B8383 /* FollowersCell.swift */,
				7B2FD4BE21D3E27A003B8383 /* GuestVC.swift */,
				7B2FD49A21D3816E003B8383 /* Main.storyboard */,
				7B2FD4A221D38170003B8383 /* Info.plist */,
			);
			path = LeanCloud;
			sourceTree = "<group>";
		};
/* End PBXGroup section */

/* Begin PBXNativeTarget section */
		7B2FD49221D3816E003B8383 /* LeanCloud */ = {
			isa = PBXNativeTarget;
			buildConfigurationList = 7B2FD4A521D38170003B8383 /* Build configuration list for PBXNativeTarget "LeanCloud" */;
			buildPhases = (
				56F0B6C70FFA3A5913D81FE7 /* [CP] Check Pods Manifest.lock */,
				7B2FD48F21D3816E003B8383 /* Sources */,
				7B2FD49021D3816E003B8383 /* Frameworks */,
				7B2FD49121D3816E003B8383 /* Resources */,
				C1D2B3E70F03F4F20149571A /* [CP] Embed Pods Frameworks */,
			);
			buildRules = (
			);
			dependencies = (
			);
			name = LeanCloud;
			productName = LeanCloud;
			productReference = 7B2FD49321D3816E003B8383 /* LeanCloud.app */;
			productType = "com.apple.product-type.application";
		};
/* End PBXNativeTarget section */

/* Begin PBXProject section */
		7B2FD48B21D3816E003B8383 /* Project object */ = {
			isa = PBXProject;
			attributes = {
				LastSwiftUpdateCheck = 1010;
				LastUpgradeCheck = 1010;
				ORGANIZATIONNAME = yangyingwei;
				TargetAttributes = {
					7B2FD49221D3816E003B8383 = {
						CreatedOnToolsVersion = 10.1;
						LastSwiftMigration = 1010;
					};
				};
			};
			buildConfigurationList = 7B2FD48E21D3816E003B8383 /* Build configuration list for PBXProject "LeanCloud" */;
			compatibilityVersion = "Xcode 9.3";
			developmentRegion = en;
			hasScannedForEncodings = 0;
			knownRegions = (
				en,
				Base,
			);
			mainGroup = 7B2FD48A21D3816E003B8383;
			productRefGroup = 7B2FD49421D3816E003B8383 /* Products */;
			projectDirPath = "";
			projectRoot = "";
			targets = (
				7B2FD49221D3816E003B8383 /* LeanCloud */,
			);
		};
/* End PBXProject section */

/* Begin PBXResourcesBuildPhase section */
		7B2FD49121D3816E003B8383 /* Resources */ = {
			isa = PBXResourcesBuildPhase;
			buildActionMask = 2147483647;
			files = (
				7B2FD4A121D38170003B8383 /* LaunchScreen.storyboard in Resources */,
				7B2FD49E21D38170003B8383 /* Assets.xcassets in Resources */,
				7B2FD4A921D38185003B8383 /* Podfile in Resources */,
				7B2FD49C21D3816E003B8383 /* Main.storyboard in Resources */,
			);
			runOnlyForDeploymentPostprocessing = 0;
		};
/* End PBXResourcesBuildPhase section */

/* Begin PBXShellScriptBuildPhase section */
		56F0B6C70FFA3A5913D81FE7 /* [CP] Check Pods Manifest.lock */ = {
			isa = PBXShellScriptBuildPhase;
			buildActionMask = 2147483647;
			files = (
			);
			inputFileListPaths = (
			);
			inputPaths = (
				"${PODS_PODFILE_DIR_PATH}/Podfile.lock",
				"${PODS_ROOT}/Manifest.lock",
			);
			name = "[CP] Check Pods Manifest.lock";
			outputFileListPaths = (
			);
			outputPaths = (
				"$(DERIVED_FILE_DIR)/Pods-LeanCloud-checkManifestLockResult.txt",
			);
			runOnlyForDeploymentPostprocessing = 0;
			shellPath = /bin/sh;
			shellScript = "diff \"${PODS_PODFILE_DIR_PATH}/Podfile.lock\" \"${PODS_ROOT}/Manifest.lock\" > /dev/null\nif [ $? != 0 ] ; then\n    # print error to STDERR\n    echo \"error: The sandbox is not in sync with the Podfile.lock. Run 'pod install' or update your CocoaPods installation.\" >&2\n    exit 1\nfi\n# This output is used by Xcode 'outputs' to avoid re-running this script phase.\necho \"SUCCESS\" > \"${SCRIPT_OUTPUT_FILE_0}\"\n";
			showEnvVarsInLog = 0;
		};
		C1D2B3E70F03F4F20149571A /* [CP] Embed Pods Frameworks */ = {
			isa = PBXShellScriptBuildPhase;
			buildActionMask = 2147483647;
			files = (
			);
			inputFileListPaths = (
			);
			inputPaths = (
				"${PODS_ROOT}/Target Support Files/Pods-LeanCloud/Pods-LeanCloud-frameworks.sh",
				"${BUILT_PRODUCTS_DIR}/AVOSCloud/AVOSCloud.framework",
				"${BUILT_PRODUCTS_DIR}/AVOSCloudIM/AVOSCloudIM.framework",
			);
			name = "[CP] Embed Pods Frameworks";
			outputFileListPaths = (
			);
			outputPaths = (
				"${TARGET_BUILD_DIR}/${FRAMEWORKS_FOLDER_PATH}/AVOSCloud.framework",
				"${TARGET_BUILD_DIR}/${FRAMEWORKS_FOLDER_PATH}/AVOSCloudIM.framework",
			);
			runOnlyForDeploymentPostprocessing = 0;
			shellPath = /bin/sh;
			shellScript = "\"${PODS_ROOT}/Target Support Files/Pods-LeanCloud/Pods-LeanCloud-frameworks.sh\"\n";
			showEnvVarsInLog = 0;
		};
/* End PBXShellScriptBuildPhase section */

/* Begin PBXSourcesBuildPhase section */
		7B2FD48F21D3816E003B8383 /* Sources */ = {
			isa = PBXSourcesBuildPhase;
			buildActionMask = 2147483647;
			files = (
				7B2FD4AE21D38408003B8383 /* SignInVC.swift in Sources */,
				7B2FD4B721D3A4CC003B8383 /* HeaderView.swift in Sources */,
				7B2FD4BB21D3D0E1003B8383 /* FollowersVC.swift in Sources */,
				7B2FD4B521D3A420003B8383 /* HomeVC.swift in Sources */,
				7B2FD4B021D3848F003B8383 /* SignUpVC.swift in Sources */,
				7B2FD49721D3816E003B8383 /* AppDelegate.swift in Sources */,
				7B2FD4BD21D3D116003B8383 /* FollowersCell.swift in Sources */,
				7B2FD4B921D3A8F7003B8383 /* PictureCell.swift in Sources */,
				7B2FD4B221D384BF003B8383 /* ResetPasswordVC.swift in Sources */,
				7B2FD4BF21D3E27A003B8383 /* GuestVC.swift in Sources */,
			);
			runOnlyForDeploymentPostprocessing = 0;
		};
/* End PBXSourcesBuildPhase section */

/* Begin PBXVariantGroup section */
		7B2FD49A21D3816E003B8383 /* Main.storyboard */ = {
			isa = PBXVariantGroup;
			children = (
				7B2FD49B21D3816E003B8383 /* Base */,
			);
			name = Main.storyboard;
			sourceTree = "<group>";
		};
		7B2FD49F21D38170003B8383 /* LaunchScreen.storyboard */ = {
			isa = PBXVariantGroup;
			children = (
				7B2FD4A021D38170003B8383 /* Base */,
			);
			name = LaunchScreen.storyboard;
			sourceTree = "<group>";
		};
/* End PBXVariantGroup section */

/* Begin XCBuildConfiguration section */
		7B2FD4A321D38170003B8383 /* Debug */ = {
			isa = XCBuildConfiguration;
			buildSettings = {
				ALWAYS_SEARCH_USER_PATHS = NO;
				CLANG_ANALYZER_NONNULL = YES;
				CLANG_ANALYZER_NUMBER_OBJECT_CONVERSION = YES_AGGRESSIVE;
				CLANG_CXX_LANGUAGE_STANDARD = "gnu++14";
				CLANG_CXX_LIBRARY = "libc++";
				CLANG_ENABLE_MODULES = YES;
				CLANG_ENABLE_OBJC_ARC = YES;
				CLANG_ENABLE_OBJC_WEAK = YES;
				CLANG_WARN_BLOCK_CAPTURE_AUTORELEASING = YES;
				CLANG_WARN_BOOL_CONVERSION = YES;
				CLANG_WARN_COMMA = YES;
				CLANG_WARN_CONSTANT_CONVERSION = YES;
				CLANG_WARN_DEPRECATED_OBJC_IMPLEMENTATIONS = YES;
				CLANG_WARN_DIRECT_OBJC_ISA_USAGE = YES_ERROR;
				CLANG_WARN_DOCUMENTATION_COMMENTS = YES;
				CLANG_WARN_EMPTY_BODY = YES;
				CLANG_WARN_ENUM_CONVERSION = YES;
				CLANG_WARN_INFINITE_RECURSION = YES;
				CLANG_WARN_INT_CONVERSION = YES;
				CLANG_WARN_NON_LITERAL_NULL_CONVERSION = YES;
				CLANG_WARN_OBJC_IMPLICIT_RETAIN_SELF = YES;
				CLANG_WARN_OBJC_LITERAL_CONVERSION = YES;
				CLANG_WARN_OBJC_ROOT_CLASS = YES_ERROR;
				CLANG_WARN_RANGE_LOOP_ANALYSIS = YES;
				CLANG_WARN_STRICT_PROTOTYPES = YES;
				CLANG_WARN_SUSPICIOUS_MOVE = YES;
				CLANG_WARN_UNGUARDED_AVAILABILITY = YES_AGGRESSIVE;
				CLANG_WARN_UNREACHABLE_CODE = YES;
				CLANG_WARN__DUPLICATE_METHOD_MATCH = YES;
				CODE_SIGN_IDENTITY = "iPhone Developer";
				COPY_PHASE_STRIP = NO;
				DEBUG_INFORMATION_FORMAT = dwarf;
				ENABLE_STRICT_OBJC_MSGSEND = YES;
				ENABLE_TESTABILITY = YES;
				GCC_C_LANGUAGE_STANDARD = gnu11;
				GCC_DYNAMIC_NO_PIC = NO;
				GCC_NO_COMMON_BLOCKS = YES;
				GCC_OPTIMIZATION_LEVEL = 0;
				GCC_PREPROCESSOR_DEFINITIONS = (
					"DEBUG=1",
					"$(inherited)",
				);
				GCC_WARN_64_TO_32_BIT_CONVERSION = YES;
				GCC_WARN_ABOUT_RETURN_TYPE = YES_ERROR;
				GCC_WARN_UNDECLARED_SELECTOR = YES;
				GCC_WARN_UNINITIALIZED_AUTOS = YES_AGGRESSIVE;
				GCC_WARN_UNUSED_FUNCTION = YES;
				GCC_WARN_UNUSED_VARIABLE = YES;
				IPHONEOS_DEPLOYMENT_TARGET = 12.1;
				MTL_ENABLE_DEBUG_INFO = INCLUDE_SOURCE;
				MTL_FAST_MATH = YES;
				ONLY_ACTIVE_ARCH = YES;
				SDKROOT = iphoneos;
				SWIFT_ACTIVE_COMPILATION_CONDITIONS = DEBUG;
				SWIFT_OPTIMIZATION_LEVEL = "-Onone";
			};
			name = Debug;
		};
		7B2FD4A421D38170003B8383 /* Release */ = {
			isa = XCBuildConfiguration;
			buildSettings = {
				ALWAYS_SEARCH_USER_PATHS = NO;
				CLANG_ANALYZER_NONNULL = YES;
				CLANG_ANALYZER_NUMBER_OBJECT_CONVERSION = YES_AGGRESSIVE;
				CLANG_CXX_LANGUAGE_STANDARD = "gnu++14";
				CLANG_CXX_LIBRARY = "libc++";
				CLANG_ENABLE_MODULES = YES;
				CLANG_ENABLE_OBJC_ARC = YES;
				CLANG_ENABLE_OBJC_WEAK = YES;
				CLANG_WARN_BLOCK_CAPTURE_AUTORELEASING = YES;
				CLANG_WARN_BOOL_CONVERSION = YES;
				CLANG_WARN_COMMA = YES;
				CLANG_WARN_CONSTANT_CONVERSION = YES;
				CLANG_WARN_DEPRECATED_OBJC_IMPLEMENTATIONS = YES;
				CLANG_WARN_DIRECT_OBJC_ISA_USAGE = YES_ERROR;
				CLANG_WARN_DOCUMENTATION_COMMENTS = YES;
				CLANG_WARN_EMPTY_BODY = YES;
				CLANG_WARN_ENUM_CONVERSION = YES;
				CLANG_WARN_INFINITE_RECURSION = YES;
				CLANG_WARN_INT_CONVERSION = YES;
				CLANG_WARN_NON_LITERAL_NULL_CONVERSION = YES;
				CLANG_WARN_OBJC_IMPLICIT_RETAIN_SELF = YES;
				CLANG_WARN_OBJC_LITERAL_CONVERSION = YES;
				CLANG_WARN_OBJC_ROOT_CLASS = YES_ERROR;
				CLANG_WARN_RANGE_LOOP_ANALYSIS = YES;
				CLANG_WARN_STRICT_PROTOTYPES = YES;
				CLANG_WARN_SUSPICIOUS_MOVE = YES;
				CLANG_WARN_UNGUARDED_AVAILABILITY = YES_AGGRESSIVE;
				CLANG_WARN_UNREACHABLE_CODE = YES;
				CLANG_WARN__DUPLICATE_METHOD_MATCH = YES;
				CODE_SIGN_IDENTITY = "iPhone Developer";
				COPY_PHASE_STRIP = NO;
				DEBUG_INFORMATION_FORMAT = "dwarf-with-dsym";
				ENABLE_NS_ASSERTIONS = NO;
				ENABLE_STRICT_OBJC_MSGSEND = YES;
				GCC_C_LANGUAGE_STANDARD = gnu11;
				GCC_NO_COMMON_BLOCKS = YES;
				GCC_WARN_64_TO_32_BIT_CONVERSION = YES;
				GCC_WARN_ABOUT_RETURN_TYPE = YES_ERROR;
				GCC_WARN_UNDECLARED_SELECTOR = YES;
				GCC_WARN_UNINITIALIZED_AUTOS = YES_AGGRESSIVE;
				GCC_WARN_UNUSED_FUNCTION = YES;
				GCC_WARN_UNUSED_VARIABLE = YES;
				IPHONEOS_DEPLOYMENT_TARGET = 12.1;
				MTL_ENABLE_DEBUG_INFO = NO;
				MTL_FAST_MATH = YES;
				SDKROOT = iphoneos;
				SWIFT_COMPILATION_MODE = wholemodule;
				SWIFT_OPTIMIZATION_LEVEL = "-O";
				VALIDATE_PRODUCT = YES;
			};
			name = Release;
		};
		7B2FD4A621D38170003B8383 /* Debug */ = {
			isa = XCBuildConfiguration;
			baseConfigurationReference = DF7A929856307BBDF8731820 /* Pods-LeanCloud.debug.xcconfig */;
			buildSettings = {
				ASSETCATALOG_COMPILER_APPICON_NAME = AppIcon;
				CLANG_ENABLE_MODULES = YES;
				CODE_SIGN_STYLE = Automatic;
				DEVELOPMENT_TEAM = D86GL839U9;
				INFOPLIST_FILE = LeanCloud/Info.plist;
				LD_RUNPATH_SEARCH_PATHS = (
					"$(inherited)",
					"@executable_path/Frameworks",
				);
				PRODUCT_BUNDLE_IDENTIFIER = com.yyw.test.LeanCloud;
				PRODUCT_NAME = "$(TARGET_NAME)";
				SWIFT_OBJC_BRIDGING_HEADER = "LeanCloud-Bridging-Header.h";
				SWIFT_OPTIMIZATION_LEVEL = "-Onone";
				SWIFT_VERSION = 4.2;
				TARGETED_DEVICE_FAMILY = "1,2";
			};
			name = Debug;
		};
		7B2FD4A721D38170003B8383 /* Release */ = {
			isa = XCBuildConfiguration;
			baseConfigurationReference = 220EDAF2BD275B20F1DC1442 /* Pods-LeanCloud.release.xcconfig */;
			buildSettings = {
				ASSETCATALOG_COMPILER_APPICON_NAME = AppIcon;
				CLANG_ENABLE_MODULES = YES;
				CODE_SIGN_STYLE = Automatic;
				DEVELOPMENT_TEAM = D86GL839U9;
				INFOPLIST_FILE = LeanCloud/Info.plist;
				LD_RUNPATH_SEARCH_PATHS = (
					"$(inherited)",
					"@executable_path/Frameworks",
				);
				PRODUCT_BUNDLE_IDENTIFIER = com.yyw.test.LeanCloud;
				PRODUCT_NAME = "$(TARGET_NAME)";
				SWIFT_OBJC_BRIDGING_HEADER = "LeanCloud-Bridging-Header.h";
				SWIFT_VERSION = 4.2;
				TARGETED_DEVICE_FAMILY = "1,2";
			};
			name = Release;
		};
/* End XCBuildConfiguration section */

/* Begin XCConfigurationList section */
		7B2FD48E21D3816E003B8383 /* Build configuration list for PBXProject "LeanCloud" */ = {
			isa = XCConfigurationList;
			buildConfigurations = (
				7B2FD4A321D38170003B8383 /* Debug */,
				7B2FD4A421D38170003B8383 /* Release */,
			);
			defaultConfigurationIsVisible = 0;
			defaultConfigurationName = Release;
		};
		7B2FD4A521D38170003B8383 /* Build configuration list for PBXNativeTarget "LeanCloud" */ = {
			isa = XCConfigurationList;
			buildConfigurations = (
				7B2FD4A621D38170003B8383 /* Debug */,
				7B2FD4A721D38170003B8383 /* Release */,
			);
			defaultConfigurationIsVisible = 0;
			defaultConfigurationName = Release;
		};
/* End XCConfigurationList section */
	};
	rootObject = 7B2FD48B21D3816E003B8383 /* Project object */;
}
